
Microsoft Visual Studio Solution File, Format Version 12.00
# Visual Studio 2015
Project("{FAE04EC0-301F-11D3-BF4B-00C04F79EFBC}") = "VirtualButtonBox.CSharp.Plugins", "VirtualButtonBox.CSharp.Plugins.csproj", "{42678B85-89CB-956A-9497-31EB985E1D93}"
EndProject
Project("{FAE04EC0-301F-11D3-BF4B-00C04F79EFBC}") = "VirtualButtonBox.CSharp", "VirtualButtonBox.CSharp.csproj", "{0A812CA3-5FC4-226F-6D8F-E3305A02E1AF}"
EndProject
Project("{FAE04EC0-301F-11D3-BF4B-00C04F79EFBC}") = "VirtualButtonBox.CSharp.Editor", "VirtualButtonBox.CSharp.Editor.csproj", "{238D0A8E-3A13-BE0E-8669-ED20F419B5C3}"
EndProject
Global
	GlobalSection(SolutionConfigurationPlatforms) = preSolution
		Debug|Any CPU = Debug|Any CPU
		Release|Any CPU = Release|Any CPU
	EndGlobalSection
	GlobalSection(ProjectConfigurationPlatforms) = postSolution
		{42678B85-89CB-956A-9497-31EB985E1D93}.Debug|Any CPU.ActiveCfg = Debug|Any CPU
		{42678B85-89CB-956A-9497-31EB985E1D93}.Debug|Any CPU.Build.0 = Debug|Any CPU
		{42678B85-89CB-956A-9497-31EB985E1D93}.Release|Any CPU.ActiveCfg = Release|Any CPU
		{42678B85-89CB-956A-9497-31EB985E1D93}.Release|Any CPU.Build.0 = Release|Any CPU
		{0A812CA3-5FC4-226F-6D8F-E3305A02E1AF}.Debug|Any CPU.ActiveCfg = Debug|Any CPU
		{0A812CA3-5FC4-226F-6D8F-E3305A02E1AF}.Debug|Any CPU.Build.0 = Debug|Any CPU
		{0A812CA3-5FC4-226F-6D8F-E3305A02E1AF}.Release|Any CPU.ActiveCfg = Release|Any CPU
		{0A812CA3-5FC4-226F-6D8F-E3305A02E1AF}.Release|Any CPU.Build.0 = Release|Any CPU
		{238D0A8E-3A13-BE0E-8669-ED20F419B5C3}.Debug|Any CPU.ActiveCfg = Debug|Any CPU
		{238D0A8E-3A13-BE0E-8669-ED20F419B5C3}.Debug|Any CPU.Build.0 = Debug|Any CPU
		{238D0A8E-3A13-BE0E-8669-ED20F419B5C3}.Release|Any CPU.ActiveCfg = Release|Any CPU
		{238D0A8E-3A13-BE0E-8669-ED20F419B5C3}.Release|Any CPU.Build.0 = Release|Any CPU
	EndGlobalSection
	GlobalSection(SolutionProperties) = preSolution
		HideSolutionNode = FALSE
	EndGlobalSection
EndGlobal
